# THIS IS AN AUTOGENERATED FILE. DO NOT EDIT THIS FILE DIRECTLY.
# yarn lockfile v1


"2@^1.0.2":
  version "1.0.2"
  resolved "https://registry.yarnpkg.com/2/-/2-1.0.2.tgz#356a6f50b4851a311547570c616c6e8ef4b464c1"
  integrity sha512-G0Eca6Fz2qJKvjM9/niouz5kWTZy7pm+LRAMXir5v+DOt4bMszVlfIYKy2T+TPKnGxpp236pzK7/chNuToWlnQ==

"2@^3.0.0":
  version "3.0.0"
  resolved "https://registry.yarnpkg.com/2/-/2-3.0.0.tgz#54d26a019f9832ec0213d18fe2d866ec1c418d0f"
  integrity sha512-Cq+wWyyKElk0zOk/ev7r4+pNJTa7V0fUKP/5ii4I47dn0E0QoY4VzqbIpfnkPQQPWuZzKj3oNzNT0MA657zkpw==
  dependencies:
    "@lamansky/every" "^1.0.0"
    add-counter "^1.0.0"
    empty-iterator "^1.0.0"
    is-array-of-length "^1.0.0"
    is-instance-of "^1.0.2"
    is-iterable "^1.1.1"
    is-nil "^1.0.1"
    is-object "^1.0.1"
    map-iter "^1.0.0"
    new-object "^4.0.0"
    otherwise "^2.0.0"
    parser-factory "^1.1.0"
    round-to "^4.0.0"
    sbo "^1.1.0"

"@lamansky/every@^1.0.0":
  version "1.0.0"
  resolved "https://registry.yarnpkg.com/@lamansky/every/-/every-1.0.0.tgz#b8eb2a1b9e9da70f328979807c80d53d4d91bf0a"
  integrity sha512-mbu6EV7RApOvzjE5RJqCneWFNVkrq1lYpIfOKwc39ngmfqNdGhCO8QYOFmESChIcCjn28zrNMPm1/pDrTAToMg==
  dependencies:
    ffn "^2.1.0"
    plainify "^1.0.0"
    sbo "^1.1.0"

"@lamansky/flatten@^1.0.0":
  version "1.0.0"
  resolved "https://registry.yarnpkg.com/@lamansky/flatten/-/flatten-1.0.0.tgz#5315d09a54750a95928362abbaad31b11f9bfd88"
  integrity sha512-4u7TNkdIjYD0JKwNCJFSBIwj92DN4y/+nGNHB104CmQUrNYyxwmm/fto8k7S+4H9rSeDityPyGhiPqMy4ukxYg==
  dependencies:
    sbo "^1.0.0"

accepts@~1.3.8:
  version "1.3.8"
  resolved "https://registry.yarnpkg.com/accepts/-/accepts-1.3.8.tgz#0bf0be125b67014adcb0b0921e62db7bffe16b2e"
  integrity sha512-PYAthTa2m2VKxuvSD3DPC/Gy+U+sOA1LAuT8mkmRuvw+NACSaeXEQ+NHcVF7rONl6qcaxV3Uuemwawk+7+SJLw==
  dependencies:
    mime-types "~2.1.34"
    negotiator "0.6.3"

add-counter@^1.0.0:
  version "1.0.0"
  resolved "https://registry.yarnpkg.com/add-counter/-/add-counter-1.0.0.tgz#777818e1be16ba09d61395f8d1d8cf53e5d750a8"
  integrity sha512-0CTbBx0nmG090qY9kmAcN/Z87W5dQUT5lfwqzYz881+3vciNGAK0d6vGt/lUye6NZGhmQBfJTo/lvfZHb+0l1Q==

array-flatten@1.1.1:
  version "1.1.1"
  resolved "https://registry.yarnpkg.com/array-flatten/-/array-flatten-1.1.1.tgz#9a5f699051b1e7073328f2a008968b64ea2955d2"
  integrity sha512-PCVAQswWemu6UdxsDFFX/+gVeYqKAod3D3UVm91jHwynguOwAvYPhx8nNlM++NqRcK6CxxpUafjmhIdKiHibqg==

array-pad@0.0.1:
  version "0.0.1"
  resolved "https://registry.yarnpkg.com/array-pad/-/array-pad-0.0.1.tgz#cb862957dcfdaf5902e2ae2f5b6263dd64708e30"
  integrity sha512-uVzGjO5dqUHanQoCWJFEsf4boWOagEGQAx4HY67s0mYYmzo1eXnV12SOpH9v1lNfop6bUyBUI+IJlOofMUgZAg==

arrify@^1.0.1:
  version "1.0.1"
  resolved "https://registry.yarnpkg.com/arrify/-/arrify-1.0.1.tgz#898508da2226f380df904728456849c1501a4b0d"
  integrity sha512-3CYzex9M9FGQjCGMGyi6/31c8GJbgb0qGyrx5HWxPd0aCwh4cB2YjMb2Xf9UuoogrMrlO9cTqnB5rI5GHZTcUA==

arrify@^2.0.1:
  version "2.0.1"
  resolved "https://registry.yarnpkg.com/arrify/-/arrify-2.0.1.tgz#c9655e9331e0abcd588d2a7cad7e9956f66701fa"
  integrity sha512-3duEwti880xqi4eAMN8AyR4a0ByT90zoYdLlevfrvU43vb0YZwZVfxOgxWrLXXXpyugL0hNZc9G6BiB5B3nUug==

bignumber.js@9.0.0:
  version "9.0.0"
  resolved "https://registry.yarnpkg.com/bignumber.js/-/bignumber.js-9.0.0.tgz#805880f84a329b5eac6e7cb6f8274b6d82bdf075"
  integrity sha512-t/OYhhJ2SD+YGBQcjY8GzzDHEk9f3nerxjtfa6tlMXfe7frs/WozhvCNoGvpM0P3bNf3Gq5ZRMlGr5f3r4/N8A==

body-parser@1.20.1:
  version "1.20.1"
  resolved "https://registry.yarnpkg.com/body-parser/-/body-parser-1.20.1.tgz#b1812a8912c195cd371a3ee5e66faa2338a5c668"
  integrity sha512-jWi7abTbYwajOytWCQc37VulmWiRae5RyTpaCyDcS5/lMdtwSz5lOpDE67srw/HYe35f1z3fDQw+3txg7gNtWw==
  dependencies:
    bytes "3.1.2"
    content-type "~1.0.4"
    debug "2.6.9"
    depd "2.0.0"
    destroy "1.2.0"
    http-errors "2.0.0"
    iconv-lite "0.4.24"
    on-finished "2.4.1"
    qs "6.11.0"
    raw-body "2.5.1"
    type-is "~1.6.18"
    unpipe "1.0.0"

body-parser@^1.20.2:
  version "1.20.2"
  resolved "https://registry.yarnpkg.com/body-parser/-/body-parser-1.20.2.tgz#6feb0e21c4724d06de7ff38da36dad4f57a747fd"
  integrity sha512-ml9pReCu3M61kGlqoTm2umSXTlRTuGTx0bfYj+uIUKKYycG5NtSbeetV3faSU6R7ajOPw0g/J1PvK4qNy7s5bA==
  dependencies:
    bytes "3.1.2"
    content-type "~1.0.5"
    debug "2.6.9"
    depd "2.0.0"
    destroy "1.2.0"
    http-errors "2.0.0"
    iconv-lite "0.4.24"
    on-finished "2.4.1"
    qs "6.11.0"
    raw-body "2.5.2"
    type-is "~1.6.18"
    unpipe "1.0.0"

bytes@3.1.2:
  version "3.1.2"
  resolved "https://registry.yarnpkg.com/bytes/-/bytes-3.1.2.tgz#8b0beeb98605adf1b128fa4386403c009e0221a5"
  integrity sha512-/Nf7TyzTx6S3yRJObOAV7956r8cr2+Oj8AC5dt8wSP3BQAoeX58NoHyCU8P8zGkNXStjTSi6fzO6F0pBdcYbEg==

call-bind@^1.0.0:
  version "1.0.2"
  resolved "https://registry.yarnpkg.com/call-bind/-/call-bind-1.0.2.tgz#b1d4e89e688119c3c9a903ad30abb2f6a919be3c"
  integrity sha512-7O+FbCihrB5WGbFYesctwmTKae6rOiIzmz1icreWJ+0aA7LJfuqhEso2T9ncpcFtzMQtzXf2QGGueWJGTYsqrA==
  dependencies:
    function-bind "^1.1.1"
    get-intrinsic "^1.0.2"

case-insensitive@^1.0.0:
  version "1.0.0"
  resolved "https://registry.yarnpkg.com/case-insensitive/-/case-insensitive-1.0.0.tgz#cf8b17ecb8371b2a66d72733a1e61651001f47d4"
  integrity sha512-dnPuuPchX250ivRdSGfiqlgJ3eJYmxGx9WiCNIxVjjIYd7dXSLx2c4kFJOiVvdvrxxZagqPSgnLGR58EMKhznA==

class-chain@^1.0.0:
  version "1.0.0"
  resolved "https://registry.yarnpkg.com/class-chain/-/class-chain-1.0.0.tgz#be48ea6c4c83a14e9035358547fcbc43537e7a61"
  integrity sha512-Mjg98B+B9UDbQhqfqlfU7mppgXpWcsMIK/1Y4hwjQjGKnrcnruTBy8aU/plC32ss8qn3cEShYDxptHSk4LIgVQ==
  dependencies:
    is-object "^1.0.1"

content-disposition@0.5.4:
  version "0.5.4"
  resolved "https://registry.yarnpkg.com/content-disposition/-/content-disposition-0.5.4.tgz#8b82b4efac82512a02bb0b1dcec9d2c5e8eb5bfe"
  integrity sha512-FveZTNuGw04cxlAiWbzi6zTAL/lhehaWbTtgluJh4/E95DqMwTmha3KZN1aAWA8cFIhHzMZUvLevkw5Rqk+tSQ==
  dependencies:
    safe-buffer "5.2.1"

content-type@~1.0.4, content-type@~1.0.5:
  version "1.0.5"
  resolved "https://registry.yarnpkg.com/content-type/-/content-type-1.0.5.tgz#8b773162656d1d1086784c8f23a54ce6d73d7918"
  integrity sha512-nTjqfcBFEipKdXCv4YDQWCfmcLZKm81ldF0pAopTvyrFGVbcR6P/VAAd5G7N+0tTr8QqiU0tFadD6FK4NtJwOA==

cookie-signature@1.0.6:
  version "1.0.6"
  resolved "https://registry.yarnpkg.com/cookie-signature/-/cookie-signature-1.0.6.tgz#e303a882b342cc3ee8ca513a79999734dab3ae2c"
  integrity sha512-QADzlaHc8icV8I7vbaJXJwod9HWYp8uCqf1xa4OfNu1T7JVxQIrUgOWtHdNDtPiywmFbiS12VjotIXLrKM3orQ==

cookie@0.5.0:
  version "0.5.0"
  resolved "https://registry.yarnpkg.com/cookie/-/cookie-0.5.0.tgz#d1f5d71adec6558c58f389987c366aa47e994f8b"
  integrity sha512-YZ3GUyn/o8gfKJlnlX7g7xq4gyO6OSuhGPKaaGssGB2qgDUS0gPgtTvoyZLTt9Ab6dC4hfc9dV5arkvc/OCmrw==

copy-own@^1.0.0, copy-own@^1.2.0:
  version "1.2.0"
  resolved "https://registry.yarnpkg.com/copy-own/-/copy-own-1.2.0.tgz#a7c05489484b6d2516bf82dee9ab001f4e3f3f16"
  integrity sha512-YBWaRsqGUKW65je5Wr1gjaSmbIzioa/T8itzCBIqp8UXjNjvJKMTJv9jRx15xdGisl2ZJEGZDudkgnGDgpWSEA==

core-util-is@~1.0.0:
  version "1.0.3"
  resolved "https://registry.yarnpkg.com/core-util-is/-/core-util-is-1.0.3.tgz#a6042d3634c2b27e9328f837b965fac83808db85"
  integrity sha512-ZQBvi1DcpJ4GDqanjucZ2Hj3wEO5pZDS89BWbkcrvdxksJorwUDDZamX9ldFkp9aw2lmBDLgkObEA4DWNJ9FYQ==

cors@^2.8.5:
  version "2.8.5"
  resolved "https://registry.yarnpkg.com/cors/-/cors-2.8.5.tgz#eac11da51592dd86b9f06f6e7ac293b3df875d29"
  integrity sha512-KIHbLJqu73RGr/hnbrO9uBeixNGuvSQjul/jdFvS/KFSIH1hWVd1ng7zOHx+YrEfInLG7q4n6GHQ9cDtxv/P6g==
  dependencies:
    object-assign "^4"
    vary "^1"

debug@2.6.9:
  version "2.6.9"
  resolved "https://registry.yarnpkg.com/debug/-/debug-2.6.9.tgz#5d128515df134ff327e90a4c93f4e077a536341f"
  integrity sha512-bC7ElrdJaJnPbAP+1EotYvqZsb3ecl5wi6Bfi6BJTUcNowp6cvspg0jXznRTKDjm/E7AdgFBVeAPVMNcKGsHMA==
  dependencies:
    ms "2.0.0"

def-props@^1.0.0:
  version "1.0.0"
  resolved "https://registry.yarnpkg.com/def-props/-/def-props-1.0.0.tgz#82cc4441502824e0248f95c3e0fc2b13e8682e54"
  integrity sha512-LjCGIswKu5qqoa1azkhNzPasYJlN2h7fphiwcJ4Z5F6AoH4I3kvi5nE7Zu1SQ53s5tHKju+OOt3ZeZAdG/Tebw==
  dependencies:
    errate "^1.3.0"
    is-iterable "^1.1.1"
    is-obj "^2.0.0"
    type-error "^1.0.3"

depd@2.0.0:
  version "2.0.0"
  resolved "https://registry.yarnpkg.com/depd/-/depd-2.0.0.tgz#b696163cc757560d09cf22cc8fad1571b79e76df"
  integrity sha512-g7nH6P6dyDioJogAAGprGpCtVImJhpPk/roCzdb3fIh61/s/nPsfR6onyMwkCAR/OlC3yBC0lESvUoQEAssIrw==

destroy@1.2.0:
  version "1.2.0"
  resolved "https://registry.yarnpkg.com/destroy/-/destroy-1.2.0.tgz#4803735509ad8be552934c67df614f94e66fa015"
  integrity sha512-2sJGJTaXIIaR1w4iJSNoN0hnMY7Gpc/n8D4qSCJw8QqFWXf7cuAgnEHxBpweaVcPevC2l3KpjYCx3NypQQgaJg==

ee-first@1.1.1:
  version "1.1.1"
  resolved "https://registry.yarnpkg.com/ee-first/-/ee-first-1.1.1.tgz#590c61156b0ae2f4f0255732a158b266bc56b21d"
  integrity sha512-WMwm9LhRUo+WUaRN+vRuETqG89IgZphVSNkdFgeb6sS/E4OrDIN7t48CAewSHXc6C8lefD8KKfr5vY61brQlow==

empty-iterator@^1.0.0:
  version "1.0.0"
  resolved "https://registry.yarnpkg.com/empty-iterator/-/empty-iterator-1.0.0.tgz#a79dfe5283a9b9b2a3f72c9ae6b5c0c5c38b1b78"
  integrity sha512-QaxCCCfa58lYi7eo0eAcEhuzOZma3tZw20uj/uVYoGrd2lWtL5TKAy8Xs6ZnTmGhyFshfWovFVXiPIlqmikL0Q==

encodeurl@~1.0.2:
  version "1.0.2"
  resolved "https://registry.yarnpkg.com/encodeurl/-/encodeurl-1.0.2.tgz#ad3ff4c86ec2d029322f5a02c3a9a606c95b3f59"
  integrity sha512-TPJXq8JqFaVYm2CWmPvnP2Iyo4ZSM7/QKcSmuMLDObfpH5fi7RUGmd/rTDf+rut/saiDiQEeVTNgAmJEdAOx0w==

enforce-range@^1.0.0:
  version "1.0.0"
  resolved "https://registry.yarnpkg.com/enforce-range/-/enforce-range-1.0.0.tgz#f10ccc0396e23684b413d73661d020d192e5ba70"
  integrity sha512-iOYthPljA5P/S823In8avtTbeUl8/uTP1+pqy08ryb8jeMO2enuIO/f72QFFqT4GTNiOe0yWPIzXB9nR3u6O5A==
  dependencies:
    "2" "^1.0.2"

english-list@^1.0.0:
  version "1.0.0"
  resolved "https://registry.yarnpkg.com/english-list/-/english-list-1.0.0.tgz#fda72a5befcf0b9e40117a4f10548291215f826f"
  integrity sha512-bymeFA1uVYM4Bt4aLvV36X9iYk7GrG2IN1HmL1CTueRSYJLYQTXJjbqOyUGmYgfrrS3fxqs1iEU/bIiHLuneRA==

errate@^1.1.0, errate@^1.3.0:
  version "1.3.0"
  resolved "https://registry.yarnpkg.com/errate/-/errate-1.3.0.tgz#0b4068fc68c0d984fa642ea245c01db7d5201215"
  integrity sha512-RPWotQnbJyIck/w7b3yieWN7EnNqA21UdVuEy2vo5VIaRx5svLwwbeUVxB3Q5StVNdJkGHGhOX6embHG7bs5JQ==
  dependencies:
    copy-own "^1.2.0"
    is-class-of "^1.0.1"
    is-instance-of "^1.0.2"
    trim-call "^1.1.0"

escape-html@~1.0.3:
  version "1.0.3"
  resolved "https://registry.yarnpkg.com/escape-html/-/escape-html-1.0.3.tgz#0258eae4d3d0c0974de1c169188ef0051d1d1988"
  integrity sha512-NiSupZ4OeuGwr68lGIeym/ksIZMJodUGOSCZ/FSnTxcrekbvqrgdUxlJOMpijaKZVjAJrWrGs/6Jy8OMuyj9ow==

etag@~1.8.1:
  version "1.8.1"
  resolved "https://registry.yarnpkg.com/etag/-/etag-1.8.1.tgz#41ae2eeb65efa62268aebfea83ac7d79299b0887"
  integrity sha512-aIL5Fx7mawVa300al2BnEE4iNvo1qETxLrPI/o05L7z6go7fCw1J6EQmbK4FmJ2AS7kgVF/KEZWufBfdClMcPg==

express@^4.18.2:
  version "4.18.2"
  resolved "https://registry.yarnpkg.com/express/-/express-4.18.2.tgz#3fabe08296e930c796c19e3c516979386ba9fd59"
  integrity sha512-5/PsL6iGPdfQ/lKM1UuielYgv3BUoJfz1aUwU9vHZ+J7gyvwdQXFEBIEIaxeGf0GIcreATNyBExtalisDbuMqQ==
  dependencies:
    accepts "~1.3.8"
    array-flatten "1.1.1"
    body-parser "1.20.1"
    content-disposition "0.5.4"
    content-type "~1.0.4"
    cookie "0.5.0"
    cookie-signature "1.0.6"
    debug "2.6.9"
    depd "2.0.0"
    encodeurl "~1.0.2"
    escape-html "~1.0.3"
    etag "~1.8.1"
    finalhandler "1.2.0"
    fresh "0.5.2"
    http-errors "2.0.0"
    merge-descriptors "1.0.1"
    methods "~1.1.2"
    on-finished "2.4.1"
    parseurl "~1.3.3"
    path-to-regexp "0.1.7"
    proxy-addr "~2.0.7"
    qs "6.11.0"
    range-parser "~1.2.1"
    safe-buffer "5.2.1"
    send "0.18.0"
    serve-static "1.15.0"
    setprototypeof "1.2.0"
    statuses "2.0.1"
    type-is "~1.6.18"
    utils-merge "1.0.1"
    vary "~1.1.2"

ffn@^2.1.0:
  version "2.1.0"
  resolved "https://registry.yarnpkg.com/ffn/-/ffn-2.1.0.tgz#21793138a5e65bc831c26580933d900d313bc868"
  integrity sha512-4RAYssW5tXRqsXfRRMLYZN5ze+JBBCaLhgv5sBQYyMturfeU+CAYnYIz7TS7Qzv9wgBAkvQF8w6XtIWTfHM26w==

finalhandler@1.2.0:
  version "1.2.0"
  resolved "https://registry.yarnpkg.com/finalhandler/-/finalhandler-1.2.0.tgz#7d23fe5731b207b4640e4fcd00aec1f9207a7b32"
  integrity sha512-5uXcUVftlQMFnWC9qu/svkWv3GTd2PfUhK/3PLkYNAe7FbqJMt3515HaxE6eRL74GdsriiwujiawdaB1BpEISg==
  dependencies:
    debug "2.6.9"
    encodeurl "~1.0.2"
    escape-html "~1.0.3"
    on-finished "2.4.1"
    parseurl "~1.3.3"
    statuses "2.0.1"
    unpipe "~1.0.0"

forwarded@0.2.0:
  version "0.2.0"
  resolved "https://registry.yarnpkg.com/forwarded/-/forwarded-0.2.0.tgz#2269936428aad4c15c7ebe9779a84bf0b2a81811"
  integrity sha512-buRG0fpBtRHSTCOASe6hD258tEubFoRLb4ZNA6NxMVHNw2gOcwHo9wyablzMzOA5z9xA9L1KNjk/Nt6MT9aYow==

fresh@0.5.2:
  version "0.5.2"
  resolved "https://registry.yarnpkg.com/fresh/-/fresh-0.5.2.tgz#3d8cadd90d976569fa835ab1f8e4b23a105605a7"
  integrity sha512-zJ2mQYM18rEFOudeV4GShTGIQ7RbzA7ozbU9I/XBpm7kqgMywgmylMwXHxZJmkVoYkna9d2pVXVXPdYTP9ej8Q==

function-bind@^1.1.1:
  version "1.1.1"
  resolved "https://registry.yarnpkg.com/function-bind/-/function-bind-1.1.1.tgz#a56899d3ea3c9bab874bb9773b7c5ede92f4895d"
  integrity sha512-yIovAzMX49sF8Yl58fSCWJ5svSLuaibPxXQJFLmBObTuCr0Mf1KiPopGM9NiFjiYBCbfaa2Fh6breQ6ANVTI0A==

get-intrinsic@^1.0.2:
  version "1.2.1"
  resolved "https://registry.yarnpkg.com/get-intrinsic/-/get-intrinsic-1.2.1.tgz#d295644fed4505fc9cde952c37ee12b477a83d82"
  integrity sha512-2DcsyfABl+gVHEfCOaTrWgyt+tb6MSEGmKq+kI5HwLbIYgjgmMcV8KQ41uaKz1xxUcn9tJtgFbQUEVcEbd0FYw==
  dependencies:
    function-bind "^1.1.1"
    has "^1.0.3"
    has-proto "^1.0.1"
    has-symbols "^1.0.3"

get-own-property@^1.0.0:
  version "1.0.0"
  resolved "https://registry.yarnpkg.com/get-own-property/-/get-own-property-1.0.0.tgz#384546320cd6679eaa50d113385ba4f7ab4e3e92"
  integrity sha512-/OsW7bqVUPVxBuHfugVduRZ7uctFhGxilojaHlf4PMhgwadQDat91hx+9hngRV0LA5OAR3YaTH9wN8sYpGfuzA==

has-duplicates@^1.0.0:
  version "1.0.0"
  resolved "https://registry.yarnpkg.com/has-duplicates/-/has-duplicates-1.0.0.tgz#8930761db2f71f39ba89c05b0b158ab484eb9710"
  integrity sha512-hZQnmfSBopwmRuMMvX64DBUDc/yp67J8CVhazVXV+ARa0L3r8suf1g4iS2oDsWHld0JE5G6yeNQsqCJ7CQ4JqA==

has-proto@^1.0.1:
  version "1.0.1"
  resolved "https://registry.yarnpkg.com/has-proto/-/has-proto-1.0.1.tgz#1885c1305538958aff469fef37937c22795408e0"
  integrity sha512-7qE+iP+O+bgF9clE5+UoBFzE65mlBiVj3tKCrlNQ0Ogwm0BjpT/gK4SlLYDMybDh5I3TCTKnPPa0oMG7JDYrhg==

has-symbols@^1.0.3:
  version "1.0.3"
  resolved "https://registry.yarnpkg.com/has-symbols/-/has-symbols-1.0.3.tgz#bb7b2c4349251dce87b125f7bdf874aa7c8b39f8"
  integrity sha512-l3LCuF6MgDNwTDKkdYGEihYjt5pRPbEg46rtlmnSPlUbgmB8LOIrKJbYYFBSbnPaJexMKtiPO8hmeRjRz2Td+A==

has@^1.0.3:
  version "1.0.3"
  resolved "https://registry.yarnpkg.com/has/-/has-1.0.3.tgz#722d7cbfc1f6aa8241f16dd814e011e1f41e8796"
  integrity sha512-f2dvO0VU6Oej7RkWJGrehjbzMAjFp5/VKPp5tTpWIV4JHHZK1/BxbFRtf/siA2SWTe09caDmVtYYzWEIbBS4zw==
  dependencies:
    function-bind "^1.1.1"

http-errors@2.0.0:
  version "2.0.0"
  resolved "https://registry.yarnpkg.com/http-errors/-/http-errors-2.0.0.tgz#b7774a1486ef73cf7667ac9ae0858c012c57b9d3"
  integrity sha512-FtwrG/euBzaEjYeRqOgly7G0qviiXoJWnvEH2Z1plBdXgbyjv34pHTSb9zoeHMyDy33+DWy5Wt9Wo+TURtOYSQ==
  dependencies:
    depd "2.0.0"
    inherits "2.0.4"
    setprototypeof "1.2.0"
    statuses "2.0.1"
    toidentifier "1.0.1"

iconv-lite@0.4.24:
  version "0.4.24"
  resolved "https://registry.yarnpkg.com/iconv-lite/-/iconv-lite-0.4.24.tgz#2022b4b25fbddc21d2f524974a474aafe733908b"
  integrity sha512-v3MXnZAcvnywkTUEZomIActle7RXXeedOR31wwl7VlyoXO4Qi9arvSenNQWne1TcRwhCL1HwLI21bEqdpj8/rA==
  dependencies:
    safer-buffer ">= 2.1.2 < 3"

if-else-throw@^1.0.0:
  version "1.0.0"
  resolved "https://registry.yarnpkg.com/if-else-throw/-/if-else-throw-1.0.0.tgz#c0bebda2b6db65a73334862641d53692f6c6c8fa"
  integrity sha512-LzTMNkDgHdayblt+7hXKcY0TSk6G5+8kQjOHZyvH/d0zzUuPptgaPAQbucd1ZQqUfOLv9VdlfLrnjJcTsklIlA==
  dependencies:
    possible-function "^1.0.1"

inherits@2.0.4, inherits@~2.0.3:
  version "2.0.4"
  resolved "https://registry.yarnpkg.com/inherits/-/inherits-2.0.4.tgz#0fa2c64f932917c3433a0ded55363aae37416b7c"
  integrity sha512-k/vGaX4/Yla3WzyMCvTQOXYeIHvqOKtnqBduzTHpzpQZzAskKMhZ2K+EnBiSM9zGSoIFeMpXKxa4dYeZIQqewQ==

ipaddr.js@1.9.1:
  version "1.9.1"
  resolved "https://registry.yarnpkg.com/ipaddr.js/-/ipaddr.js-1.9.1.tgz#bff38543eeb8984825079ff3a2a8e6cbd46781b3"
  integrity sha512-0KI/607xoxSToH7GjN1FfSbLoU0+btTicjsQSWQlh/hZykN8KpmMf7uYwPW3R+akZ6R/w18ZlXSHBYXiYUPO3g==

is-array-of-length@^1.0.0:
  version "1.1.0"
  resolved "https://registry.yarnpkg.com/is-array-of-length/-/is-array-of-length-1.1.0.tgz#087fb16b3a0243bb19751c927c594745f3112fc8"
  integrity sha512-s4srcJzEuKAJqWZUZL0bLRfFSZy6pQMkky/7HCtADhVuAT5im1RApMRHgiRmNApR3CdrpR061odhPh9a4uxQGw==
  dependencies:
    arrify "^1.0.1"
    is-instance-of "^1.0.2"
    sbo "^1.1.0"

is-class-of@^1.0.1:
  version "1.0.1"
  resolved "https://registry.yarnpkg.com/is-class-of/-/is-class-of-1.0.1.tgz#b0d353e221250c5188cbae395471160a48da3534"
  integrity sha512-5Fi5UUAWcsq1T2n5yJxOm8udIfOn4X/cpCGaUA5wdQxRQ+YF29RuBuTp0DlMjooK5CQrJbxIE01bjYoAoobu3g==
  dependencies:
    class-chain "^1.0.0"
    sbo "^1.0.0"

is-global-object@^1.0.0:
  version "1.0.0"
  resolved "https://registry.yarnpkg.com/is-global-object/-/is-global-object-1.0.0.tgz#ea31e70b8c66bf4dde78b2ae9a1e8fe22ec3a8be"
  integrity sha512-THgJ/n1Ndja7FZ6YksPlhcLsl1Z34LfYT1maxuKYtt4CT/apnFwhlb2U+HVm8u9tySJL12NPV+u4USUJ4p0GRQ==

is-instance-of@^1.0.2:
  version "1.0.2"
  resolved "https://registry.yarnpkg.com/is-instance-of/-/is-instance-of-1.0.2.tgz#f84a29b1134fad1851b6fb98dd39e10bdd8ee2f3"
  integrity sha512-n4ZY/J5l9IAhuEfYPpcEHKfQ+jGOHS5iqWuoTsGenv08/wGC5z3T+jN9qGQrWspFGLOhAfxRlxF8hB1iQ/aY5w==
  dependencies:
    "@lamansky/flatten" "^1.0.0"
    arrify "^1.0.1"
    case-insensitive "^1.0.0"
    class-chain "^1.0.0"
    is-obj "^1.0.1"
    qfn "^1.0.1"
    sbo "^1.1.0"

is-iterable@^1.1.1:
  version "1.1.1"
  resolved "https://registry.yarnpkg.com/is-iterable/-/is-iterable-1.1.1.tgz#71f9aa6f113e1d968ebe1d41cff4c8fb23a817bc"
  integrity sha512-EdOZCr0NsGE00Pot+x1ZFx9MJK3C6wy91geZpXwvwexDLJvA4nzYyZf7r+EIwSeVsOLDdBz7ATg9NqKTzuNYuQ==

is-nil@^1.0.1:
  version "1.0.1"
  resolved "https://registry.yarnpkg.com/is-nil/-/is-nil-1.0.1.tgz#2daba29e0b585063875e7b539d071f5b15937969"
  integrity sha512-m2Rm8PhUFDNNhgvwZJjJG74a9h5CHU0fkA8WT+WGlCjyEbZ2jPwgb+ZxHu4np284EqNVyOsgppReK4qy/TwEwg==

is-obj@^1.0.1:
  version "1.0.1"
  resolved "https://registry.yarnpkg.com/is-obj/-/is-obj-1.0.1.tgz#3e4729ac1f5fde025cd7d83a896dab9f4f67db0f"
  integrity sha512-l4RyHgRqGN4Y3+9JHVrNqO+tN0rV5My76uW5/nuO4K1b6vw5G8d/cmFjP9tRfEsdhZNt0IFdZuK/c2Vr4Nb+Qg==

is-obj@^2.0.0:
  version "2.0.0"
  resolved "https://registry.yarnpkg.com/is-obj/-/is-obj-2.0.0.tgz#473fb05d973705e3fd9620545018ca8e22ef4982"
  integrity sha512-drqDG3cbczxxEJRoOXcOjtdp1J/lyp1mNn0xaznRs8+muBhgQcrnbspox5X5fOw0HnMnbfDzvnEMEtqDEJEo8w==

is-object@^1.0.1, is-object@^1.0.2:
  version "1.0.2"
  resolved "https://registry.yarnpkg.com/is-object/-/is-object-1.0.2.tgz#a56552e1c665c9e950b4a025461da87e72f86fcf"
  integrity sha512-2rRIahhZr2UWb45fIOuvZGpFtz0TyOZLf32KxBbSoUCeZR495zCKlWUKKUByk3geS2eAs7ZAABt0Y/Rx0GiQGA==

is-plain-object@^2.0.4:
  version "2.0.4"
  resolved "https://registry.yarnpkg.com/is-plain-object/-/is-plain-object-2.0.4.tgz#2c163b3fafb1b606d9d17928f05c2a1c38e07677"
  integrity sha512-h5PpgXkWitc38BBMYawTYMWJHFZJVnBquFE57xFpjB8pJFiF6gZ+bU+WyI/yqXiFR5mdLsgYNaPe8uao6Uv9Og==
  dependencies:
    isobject "^3.0.1"

isarray@~1.0.0:
  version "1.0.0"
  resolved "https://registry.yarnpkg.com/isarray/-/isarray-1.0.0.tgz#bb935d48582cba168c06834957a54a3e07124f11"
  integrity sha512-VLghIWNM6ELQzo7zwmcg0NmTVyWKYjvIeM83yjp0wRDTmUnrM678fQbcKBo6n2CJEF0szoG//ytg+TKla89ALQ==

isobject@^3.0.1:
  version "3.0.1"
  resolved "https://registry.yarnpkg.com/isobject/-/isobject-3.0.1.tgz#4e431e92b11a9731636aa1f9c8d1ccbcfdab78df"
  integrity sha512-WhB9zCku7EGTj/HQQRz5aUQEUeoQZH2bWcltRErOpymJ4boYE6wL9Tbr23krRPSZ+C5zqNSrSw+Cc7sZZ4b7vg==

lodash.set@^4.3.2:
  version "4.3.2"
  resolved "https://registry.yarnpkg.com/lodash.set/-/lodash.set-4.3.2.tgz#d8757b1da807dde24816b0d6a84bea1a76230b23"
  integrity sha512-4hNPN5jlm/N/HLMCO43v8BXKq9Z7QdAGc/VGrRD61w8gN9g/6jF9A4L1pbUgBLCffi0w9VsXfTOij5x8iTyFvg==

longest-first@^1.0.0:
  version "1.0.0"
  resolved "https://registry.yarnpkg.com/longest-first/-/longest-first-1.0.0.tgz#128c354b3b7bda4d8c66e7b1db935cf439be7bd4"
  integrity sha512-t0F2muH7jEiupZQQ9m8FeSD68intEx5WQG2GEnLOx21d7uZKk6pCmUMo2OoQODzxu2MlpGzlhX5lTDmMycQGyA==
  dependencies:
    sbo "^1.0.0"

m-o@^2.2.0:
  version "2.2.0"
  resolved "https://registry.yarnpkg.com/m-o/-/m-o-2.2.0.tgz#fe0c75218322eb6d8c53cd49d405d42332d5919f"
  integrity sha512-G3DuyCvqBRr8riKPlWXTWuZbOGL6QrGZlyY7Pc3R503Mdf3dC6qPKAHk3IGlQW/dU/7pyBwjh/ik6s+7y+QOaw==
  dependencies:
    get-own-property "^1.0.0"
    if-else-throw "^1.0.0"
    is-object "^1.0.1"
    new-object "^3.0.0"

map-iter@^1.0.0:
  version "1.0.0"
  resolved "https://registry.yarnpkg.com/map-iter/-/map-iter-1.0.0.tgz#580a9de11dedcec6cbe48e856ffbe5b4d4ddf1db"
  integrity sha512-beFeBgHAX6kFPgLl0bck+hEcnu1M0W2b7bqHryE3OI3wdZhgvKQppeDmq/Ys/NVYYJ4/Nz+B45gWaH56PURexQ==
  dependencies:
    sbo "^1.1.0"

media-typer@0.3.0:
  version "0.3.0"
  resolved "https://registry.yarnpkg.com/media-typer/-/media-typer-0.3.0.tgz#8710d7af0aa626f8fffa1ce00168545263255748"
  integrity sha512-dq+qelQ9akHpcOl/gUVRTxVIOkAJ1wR3QAvb4RsVjS8oVoFjDGTc679wJYmUmknUF5HwMLOgb5O+a3KxfWapPQ==

merge-descriptors@1.0.1:
  version "1.0.1"
  resolved "https://registry.yarnpkg.com/merge-descriptors/-/merge-descriptors-1.0.1.tgz#b00aaa556dd8b44568150ec9d1b953f3f90cbb61"
  integrity sha512-cCi6g3/Zr1iqQi6ySbseM1Xvooa98N0w31jzUYrXPX2xqObmFGHJ0tQ5u74H3mVh7wLouTseZyYIq39g8cNp1w==

methods@~1.1.2:
  version "1.1.2"
  resolved "https://registry.yarnpkg.com/methods/-/methods-1.1.2.tgz#5529a4d67654134edcc5266656835b0f851afcee"
  integrity sha512-iclAHeNqNm68zFtnZ0e+1L2yUIdvzNoauKU4WBA3VvH/vPFieF7qfRlwUZU+DA9P9bPXIS90ulxoUoCH23sV2w==

mime-db@1.52.0:
  version "1.52.0"
  resolved "https://registry.yarnpkg.com/mime-db/-/mime-db-1.52.0.tgz#bbabcdc02859f4987301c856e3387ce5ec43bf70"
  integrity sha512-sPU4uV7dYlvtWJxwwxHD0PuihVNiE7TyAbQ5SWxDCB9mUYvOgroQOwYQQOKPJ8CIbE+1ETVlOoK1UC2nU3gYvg==

mime-types@~2.1.24, mime-types@~2.1.34:
  version "2.1.35"
  resolved "https://registry.yarnpkg.com/mime-types/-/mime-types-2.1.35.tgz#381a871b62a734450660ae3deee44813f70d959a"
  integrity sha512-ZDY+bPm5zTTF+YpCrAU9nK0UgICYPT0QtT1NZWFv4s++TNkcgVaT0g6+4R2uI4MjQjzysHB1zxuWL50hzaeXiw==
  dependencies:
    mime-db "1.52.0"

mime@1.6.0:
  version "1.6.0"
  resolved "https://registry.yarnpkg.com/mime/-/mime-1.6.0.tgz#32cd9e5c64553bd58d19a568af452acff04981b1"
  integrity sha512-x0Vn8spI+wuJ1O6S7gnbaQg8Pxh4NNHb7KSINmEWKiPE4RKOplvijn+NkmYmmRgP68mc70j2EbeTFRsrswaQeg==

ms@2.0.0:
  version "2.0.0"
  resolved "https://registry.yarnpkg.com/ms/-/ms-2.0.0.tgz#5608aeadfc00be6c2901df5f9861788de0d597c8"
  integrity sha512-Tpp60P6IUJDTuOq/5Z8cdskzJujfwqfOTkrwIwj7IRISpnkJnT6SyJ4PCPnGMoFjC9ddhal5KVIYtAt97ix05A==

ms@2.1.3:
  version "2.1.3"
  resolved "https://registry.yarnpkg.com/ms/-/ms-2.1.3.tgz#574c8138ce1d2b5861f0b44579dbadd60c6615b2"
  integrity sha512-6FlzubTLZG3J2a/NVCAleEhjzq5oxgHyaCU9yYXvcLsvoVaHJq/s5xXI6/XXP6tz7R9xAOtHnSO/tXtF3WRTlA==

mysql@^2.18.1:
  version "2.18.1"
  resolved "https://registry.yarnpkg.com/mysql/-/mysql-2.18.1.tgz#2254143855c5a8c73825e4522baf2ea021766717"
  integrity sha512-Bca+gk2YWmqp2Uf6k5NFEurwY/0td0cpebAucFpY/3jhrwrVGuxU2uQFCHjU19SJfje0yQvi+rVWdq78hR5lig==
  dependencies:
    bignumber.js "9.0.0"
    readable-stream "2.3.7"
    safe-buffer "5.1.2"
    sqlstring "2.3.1"

negotiator@0.6.3:
  version "0.6.3"
  resolved "https://registry.yarnpkg.com/negotiator/-/negotiator-0.6.3.tgz#58e323a72fedc0d6f9cd4d31fe49f51479590ccd"
  integrity sha512-+EUsqGPLsM+j/zdChZjsnX51g4XrHFOIXwfnCVPGlQk/k5giakcKsuxCObBRu6DSm9opw/O6slWbJdghQM4bBg==

new-object@^3.0.0:
  version "3.1.0"
  resolved "https://registry.yarnpkg.com/new-object/-/new-object-3.1.0.tgz#9e69622e2ba849930c40c2c87b9a2d7016ba0f99"
  integrity sha512-mAm06BBs3uEioVQ6eL5JTYQY+Dlo9xqJyCKwcvrXMbR0yOQPdSc3ZZrCtVXGjcDW20t2btlbWJVD1TjWd7rA3A==
  dependencies:
    errate "^1.1.0"

new-object@^4.0.0:
  version "4.0.0"
  resolved "https://registry.yarnpkg.com/new-object/-/new-object-4.0.0.tgz#ee058ab7d001104c377206c8a6d270c7a17be31e"
  integrity sha512-MqlQGddh5nIYwNl0II1/l434+yAdEQlnu3wxu/wbcBYeHXWxm0HDRhm1pS2PGRXhzjkxATGg4nceI5fmIo7XJA==
  dependencies:
    def-props "^1.0.0"

object-assign@^4:
  version "4.1.1"
  resolved "https://registry.yarnpkg.com/object-assign/-/object-assign-4.1.1.tgz#2109adc7965887cfc05cbbd442cac8bfbb360863"
  integrity sha512-rJgTQnkUnH1sFw8yT6VSU3zD3sWmu6sZhIseY8VX+GRu3P6F7Fu+JNDoXfklElbLJSnc3FUQHVe4cU5hj+BcUg==

object-inspect@^1.9.0:
  version "1.12.3"
  resolved "https://registry.yarnpkg.com/object-inspect/-/object-inspect-1.12.3.tgz#ba62dffd67ee256c8c086dfae69e016cd1f198b9"
  integrity sha512-geUvdk7c+eizMNUDkRpW1wJwgfOiOeHbxBR/hLXK1aT6zmVSO0jsQcs7fj6MGw89jC/cjGfLcNOrtMYtGqm81g==

ofn@^1.0.0:
  version "1.0.0"
  resolved "https://registry.yarnpkg.com/ofn/-/ofn-1.0.0.tgz#6f3a95e47ba6369eff7fb79035296380ff6b260a"
  integrity sha512-jcPbdrxmZ9BHCI6wuSR33picFQKORWuSQICXpU0XoeSMJ32sRMUdBNUHYgMl35pJoMB/UoW0q5TA7uWLp0nn8Q==
  dependencies:
    has-duplicates "^1.0.0"
    wfn "^1.0.0"

on-finished@2.4.1:
  version "2.4.1"
  resolved "https://registry.yarnpkg.com/on-finished/-/on-finished-2.4.1.tgz#58c8c44116e54845ad57f14ab10b03533184ac3f"
  integrity sha512-oVlzkg3ENAhCk2zdv7IJwd/QUD4z2RxRwpkcGY8psCVcCYZNq4wYnVWALHM+brtuJjePWiYF/ClmuDr8Ch5+kg==
  dependencies:
    ee-first "1.1.1"

otherwise@^2.0.0:
  version "2.0.1"
  resolved "https://registry.yarnpkg.com/otherwise/-/otherwise-2.0.1.tgz#a609698e3952bc223d0a2bd4b919145593572d55"
  integrity sha512-yh+oocdOedzHS/Z1yG2j8HHLRxajDmmdDYKLESEOikZ0E0gziTklcn9jODSlIiFkYewatVQ4N2bx3MPfIrObZg==
  dependencies:
    arrify "^1.0.1"
    errate "^1.1.0"
    roadblock "^1.1.0"

parser-factory@^1.1.0:
  version "1.1.1"
  resolved "https://registry.yarnpkg.com/parser-factory/-/parser-factory-1.1.1.tgz#7272e7e5c95661023e2960b27c7f47c5316cd6fb"
  integrity sha512-0F1U1NedNcB31BPOMzgqN5PN2XvK/xOD6uQ3D4FMkI1WoAHLAMkQN5Zw4aX1BUoZgwRrU8YQOp/So4j4+Wk8/g==
  dependencies:
    arrify "^2.0.1"
    case-insensitive "^1.0.0"
    enforce-range "^1.0.0"
    is-instance-of "^1.0.2"
    longest-first "^1.0.0"
    m-o "^2.2.0"
    vfn "^1.1.0"

parseurl@~1.3.3:
  version "1.3.3"
  resolved "https://registry.yarnpkg.com/parseurl/-/parseurl-1.3.3.tgz#9da19e7bee8d12dff0513ed5b76957793bc2e8d4"
  integrity sha512-CiyeOxFT/JZyN5m0z9PfXw4SCBJ6Sygz1Dpl0wqjlhDEGGBP1GnsUVEL0p63hoG1fcj3fHynXi9NYO4nWOL+qQ==

path-to-regexp@0.1.7:
  version "0.1.7"
  resolved "https://registry.yarnpkg.com/path-to-regexp/-/path-to-regexp-0.1.7.tgz#df604178005f522f15eb4490e7247a1bfaa67f8c"
  integrity sha512-5DFkuoqlv1uYQKxy8omFBeJPQcdoE07Kv2sferDCrAq1ohOU+MSDswDIbnx3YAM60qIOnYa53wBhXW0EbMonrQ==

pfn@^1.0.0:
  version "1.1.0"
  resolved "https://registry.yarnpkg.com/pfn/-/pfn-1.1.0.tgz#4348694b1ee464bf050786631d7b232bfc3b392c"
  integrity sha512-jT+RH1+ZbL2G5dTGzpr02jd99DTYyC9cRghyrQZRAn4CypWH3K6WQpEeNbC4uHZu0P6sXR2eROnhK+RCxoOUJw==
  dependencies:
    is-nil "^1.0.1"

plainify@^1.0.0:
  version "1.0.0"
  resolved "https://registry.yarnpkg.com/plainify/-/plainify-1.0.0.tgz#b503f4c4fe946fb3576d5cd48709d67e16453641"
  integrity sha512-z/JXOByYzJ7xs6MA3FLPhM7oS53SMrZWJCUdUlOBcq7e/X3kkxHmNNO1QEEtDnSZ8ZN4xIY0drALlCjLEVtIWA==
  dependencies:
    is-plain-object "^2.0.4"

possible-function@^1.0.1:
  version "1.0.1"
  resolved "https://registry.yarnpkg.com/possible-function/-/possible-function-1.0.1.tgz#ed47254e95f703de19dc7cfc5773a0cebf68033d"
  integrity sha512-/ThEWv9rxTeiXKA2p7zdxTgxl7ZiKFignkR2HBlL4VbAaYgf30KT2CpWT8qkswFgTAwxAfh+t/0l8UPSEbJzmg==

process-nextick-args@~2.0.0:
  version "2.0.1"
  resolved "https://registry.yarnpkg.com/process-nextick-args/-/process-nextick-args-2.0.1.tgz#7820d9b16120cc55ca9ae7792680ae7dba6d7fe2"
  integrity sha512-3ouUOpQhtgrbOa17J7+uxOTpITYWaGP7/AhoR3+A+/1e9skrzelGi/dXzEYyvbxubEF6Wn2ypscTKiKJFFn1ag==

proxy-addr@~2.0.7:
  version "2.0.7"
  resolved "https://registry.yarnpkg.com/proxy-addr/-/proxy-addr-2.0.7.tgz#f19fe69ceab311eeb94b42e70e8c2070f9ba1025"
  integrity sha512-llQsMLSUDUPT44jdrU/O37qlnifitDP+ZwrmmZcoSKyLKvtZxpyV0n2/bD/N4tBAAZ/gJEdZU7KMraoK1+XYAg==
  dependencies:
    forwarded "0.2.0"
    ipaddr.js "1.9.1"

qfn@^1.0.1:
  version "1.0.1"
  resolved "https://registry.yarnpkg.com/qfn/-/qfn-1.0.1.tgz#996e3e0ccf73ae281bafe3e3f11fcc0983f5a353"
  integrity sha512-Ci2jl+ICwQGoNusUgJCToecm0IFryiT9vhTIW3Tew4t5I4ySTt8Be84bpAz9FqF+4uGKLvilHzmApszjCvExlw==
  dependencies:
    pfn "^1.0.0"
    wfn "^1.0.0"

qs@6.11.0:
  version "6.11.0"
  resolved "https://registry.yarnpkg.com/qs/-/qs-6.11.0.tgz#fd0d963446f7a65e1367e01abd85429453f0c37a"
  integrity sha512-MvjoMCJwEarSbUYk5O+nmoSzSutSsTwF85zcHPQ9OrlFoZOYIjaqBAJIqIXjptyD5vThxGq52Xu/MaJzRkIk4Q==
  dependencies:
    side-channel "^1.0.4"

range-parser@~1.2.1:
  version "1.2.1"
  resolved "https://registry.yarnpkg.com/range-parser/-/range-parser-1.2.1.tgz#3cf37023d199e1c24d1a55b84800c2f3e6468031"
  integrity sha512-Hrgsx+orqoygnmhFbKaHE6c296J+HTAQXoxEF6gNupROmmGJRoyzfG3ccAveqCBrwr/2yxQ5BVd/GTl5agOwSg==

raw-body@2.5.1:
  version "2.5.1"
  resolved "https://registry.yarnpkg.com/raw-body/-/raw-body-2.5.1.tgz#fe1b1628b181b700215e5fd42389f98b71392857"
  integrity sha512-qqJBtEyVgS0ZmPGdCFPWJ3FreoqvG4MVQln/kCgF7Olq95IbOp0/BWyMwbdtn4VTvkM8Y7khCQ2Xgk/tcrCXig==
  dependencies:
    bytes "3.1.2"
    http-errors "2.0.0"
    iconv-lite "0.4.24"
    unpipe "1.0.0"

raw-body@2.5.2:
  version "2.5.2"
  resolved "https://registry.yarnpkg.com/raw-body/-/raw-body-2.5.2.tgz#99febd83b90e08975087e8f1f9419a149366b68a"
  integrity sha512-8zGqypfENjCIqGhgXToC8aB2r7YrBX+AQAfIPs/Mlk+BtPTztOvTS01NRW/3Eh60J+a48lt8qsCzirQ6loCVfA==
  dependencies:
    bytes "3.1.2"
    http-errors "2.0.0"
    iconv-lite "0.4.24"
    unpipe "1.0.0"

readable-stream@2.3.7:
  version "2.3.7"
  resolved "https://registry.yarnpkg.com/readable-stream/-/readable-stream-2.3.7.tgz#1eca1cf711aef814c04f62252a36a62f6cb23b57"
  integrity sha512-Ebho8K4jIbHAxnuxi7o42OrZgF/ZTNcsZj6nRKyUmkhLFq8CHItp/fy6hQZuZmP/n3yZ9VBUbp4zz/mX8hmYPw==
  dependencies:
    core-util-is "~1.0.0"
    inherits "~2.0.3"
    isarray "~1.0.0"
    process-nextick-args "~2.0.0"
    safe-buffer "~5.1.1"
    string_decoder "~1.1.1"
    util-deprecate "~1.0.1"

roadblock@^1.1.0:
  version "1.1.0"
  resolved "https://registry.yarnpkg.com/roadblock/-/roadblock-1.1.0.tgz#31e7f08c5eecccc4112c217278728bf59d04813d"
  integrity sha512-qrKRAV1gz9XoV0GOeAeePSw6/lFs0u6/+EzIC55fISoprnpxrnI0zcCw6pTYpmagfIk1rRRurnHlK47opn4eRA==

round-to@^4.0.0:
  version "4.1.0"
  resolved "https://registry.yarnpkg.com/round-to/-/round-to-4.1.0.tgz#148d768d18b2f127f78e6648cb8b0a5943c416bf"
  integrity sha512-H/4z+4QdWS82iMZ23+5St302Mv2jJws0hUvEogrD6gC8NN6Z5TalDtbg51owCrVy4V/4c8ePvwVLNtlhEfPo5g==

rtrim-array@^1.0.0:
  version "1.1.0"
  resolved "https://registry.yarnpkg.com/rtrim-array/-/rtrim-array-1.1.0.tgz#47e58901329556ebef77778292223341dba0b17f"
  integrity sha512-Kg2TlpJ1jRpYEs73H4vH9SUzICRVc02t5e89U5bonldCDIM3RqzG9pmnuh8BqQu44O+605EiTnPeF0GOgxVlDg==
  dependencies:
    pfn "^1.0.0"
    sbo "^1.0.0"

safe-buffer@5.1.2, safe-buffer@~5.1.0, safe-buffer@~5.1.1:
  version "5.1.2"
  resolved "https://registry.yarnpkg.com/safe-buffer/-/safe-buffer-5.1.2.tgz#991ec69d296e0313747d59bdfd2b745c35f8828d"
  integrity sha512-Gd2UZBJDkXlY7GbJxfsE8/nvKkUEU1G38c1siN6QP6a9PT9MmHB8GnpscSmMJSoF8LOIrt8ud/wPtojys4G6+g==

safe-buffer@5.2.1:
  version "5.2.1"
  resolved "https://registry.yarnpkg.com/safe-buffer/-/safe-buffer-5.2.1.tgz#1eaf9fa9bdb1fdd4ec75f58f9cdb4e6b7827eec6"
  integrity sha512-rp3So07KcdmmKbGvgaNxQSJr7bGVSVk5S9Eq1F+ppbRo70+YeaDxkw5Dd8NPN+GD6bjnYm2VuPuCXmpuYvmCXQ==

"safer-buffer@>= 2.1.2 < 3":
  version "2.1.2"
  resolved "https://registry.yarnpkg.com/safer-buffer/-/safer-buffer-2.1.2.tgz#44fa161b0187b9549dd84bb91802f9bd8385cd6a"
  integrity sha512-YZo3K82SD7Riyi0E1EQPojLz7kpepnSQI9IyPbHHg1XXXevb5dJI7tpyN2ADxGcQbHG7vcyRHk0cbwqcQriUtg==

sbo@^1.0.0, sbo@^1.1.0:
  version "1.1.3"
  resolved "https://registry.yarnpkg.com/sbo/-/sbo-1.1.3.tgz#7caab7422b505ffd3e21b72da457b88c6c7e61c6"
  integrity sha512-yEoPppneJ3AlDrs3SpJIZBX+JioAoWMEye4zB+tuF4yQhLKcY7WAdXmVzvUpWQestZFNFIJyiK0f30lkZucemg==
  dependencies:
    array-pad "0.0.1"
    ffn "^2.1.0"
    is-global-object "^1.0.0"
    is-nil "^1.0.1"
    is-object "^1.0.2"
    lodash.set "^4.3.2"
    ofn "^1.0.0"
    plainify "^1.0.0"
    wfn "^1.0.0"

send@0.18.0:
  version "0.18.0"
  resolved "https://registry.yarnpkg.com/send/-/send-0.18.0.tgz#670167cc654b05f5aa4a767f9113bb371bc706be"
  integrity sha512-qqWzuOjSFOuqPjFe4NOsMLafToQQwBSOEpS+FwEt3A2V3vKubTquT3vmLTQpFgMXp8AlFWFuP1qKaJZOtPpVXg==
  dependencies:
    debug "2.6.9"
    depd "2.0.0"
    destroy "1.2.0"
    encodeurl "~1.0.2"
    escape-html "~1.0.3"
    etag "~1.8.1"
    fresh "0.5.2"
    http-errors "2.0.0"
    mime "1.6.0"
    ms "2.1.3"
    on-finished "2.4.1"
    range-parser "~1.2.1"
    statuses "2.0.1"

serve-static@1.15.0:
  version "1.15.0"
  resolved "https://registry.yarnpkg.com/serve-static/-/serve-static-1.15.0.tgz#faaef08cffe0a1a62f60cad0c4e513cff0ac9540"
  integrity sha512-XGuRDNjXUijsUL0vl6nSD7cwURuzEgglbOaFuZM9g3kwDXOWVTck0jLzjPzGD+TazWbboZYu52/9/XPdUgne9g==
  dependencies:
    encodeurl "~1.0.2"
    escape-html "~1.0.3"
    parseurl "~1.3.3"
    send "0.18.0"

setprototypeof@1.2.0:
  version "1.2.0"
  resolved "https://registry.yarnpkg.com/setprototypeof/-/setprototypeof-1.2.0.tgz#66c9a24a73f9fc28cbe66b09fed3d33dcaf1b424"
  integrity sha512-E5LDX7Wrp85Kil5bhZv46j8jOeboKq5JMmYM3gVGdGH8xFpPWXUMsNrlODCrkoxMEeNi/XZIwuRvY4XNwYMJpw==

side-channel@^1.0.4:
  version "1.0.4"
  resolved "https://registry.yarnpkg.com/side-channel/-/side-channel-1.0.4.tgz#efce5c8fdc104ee751b25c58d4290011fa5ea2cf"
  integrity sha512-q5XPytqFEIKHkGdiMIrY10mvLRvnQh42/+GoBlFW3b2LXLE2xxJpZFdm94we0BaoV3RwJyGqg5wS7epxTv0Zvw==
  dependencies:
    call-bind "^1.0.0"
    get-intrinsic "^1.0.2"
    object-inspect "^1.9.0"

sorp@^1.0.0:
  version "1.0.0"
  resolved "https://registry.yarnpkg.com/sorp/-/sorp-1.0.0.tgz#b9efc4f0ce76e73da54657ae1e71f99153ff6bf9"
  integrity sha512-iTeBVYTnKO4bsj4so0MnmCcIlIclZ2yWD37iudIFy0m9aRXvZVOf0r1JRvyUmj59UUtr+AUwC0TamseLmSDZgw==

sqlstring@2.3.1:
  version "2.3.1"
  resolved "https://registry.yarnpkg.com/sqlstring/-/sqlstring-2.3.1.tgz#475393ff9e91479aea62dcaf0ca3d14983a7fb40"
  integrity sha512-ooAzh/7dxIG5+uDik1z/Rd1vli0+38izZhGzSa34FwR7IbelPWCCKSNIl8jlL/F7ERvy8CB2jNeM1E9i9mXMAQ==

statuses@2.0.1:
  version "2.0.1"
  resolved "https://registry.yarnpkg.com/statuses/-/statuses-2.0.1.tgz#55cb000ccf1d48728bd23c685a063998cf1a1b63"
  integrity sha512-RwNA9Z/7PrK06rYLIzFMlaF+l73iwpzsqRIFgbMLbTcLD6cOao82TaWefPXQvB2fOC4AjuYSEndS7N/mTCbkdQ==

string_decoder@~1.1.1:
  version "1.1.1"
  resolved "https://registry.yarnpkg.com/string_decoder/-/string_decoder-1.1.1.tgz#9cf1611ba62685d7030ae9e4ba34149c3af03fc8"
  integrity sha512-n/ShnvDi6FHbbVfviro+WojiFzv+s8MPMHBczVePfUpDJLwoLT0ht1l4YwBCbi8pJAveEEdnkHyPyTP/mzRfwg==
  dependencies:
    safe-buffer "~5.1.0"

toidentifier@1.0.1:
  version "1.0.1"
  resolved "https://registry.yarnpkg.com/toidentifier/-/toidentifier-1.0.1.tgz#3be34321a88a820ed1bd80dfaa33e479fbb8dd35"
  integrity sha512-o5sSPKEkg/DIQNmH43V0/uerLrpzVedkUh8tGNvaeXpfpuwjKenlSox/2O/BTlZUtEe+JG7s5YhEz608PlAHRA==

trim-call@^1.1.0:
  version "1.1.0"
  resolved "https://registry.yarnpkg.com/trim-call/-/trim-call-1.1.0.tgz#01816adc30751262a408fcfba64cec12ba671efa"
  integrity sha512-2I1sdAj5JY/zoiv9VZdmqh/rmmwL62Ak9S6I7Pwl9P4gLX4TO1ci+930HJ/rX9NPQLhEkPmHCb+tAZa1WBk8mA==
  dependencies:
    rtrim-array "^1.0.0"

type-error@^1.0.3:
  version "1.0.3"
  resolved "https://registry.yarnpkg.com/type-error/-/type-error-1.0.3.tgz#4cec6ebbb8a8f57fb9b7ef33ca0ec93b1bd87ab2"
  integrity sha512-hlNA4NwwjtL9clb8nv+x/5C45uzxND+N+h+/y3z2dYdubGSmdtNtJjHVH4E68ZHR98Bkav4ACf1lmTZepc/4sg==

type-is@~1.6.18:
  version "1.6.18"
  resolved "https://registry.yarnpkg.com/type-is/-/type-is-1.6.18.tgz#4e552cd05df09467dcbc4ef739de89f2cf37c131"
  integrity sha512-TkRKr9sUTxEH8MdfuCSP7VizJyzRNMjj2J2do2Jr3Kym598JVdEksuzPQCnlFPW4ky9Q+iA+ma9BGm06XQBy8g==
  dependencies:
    media-typer "0.3.0"
    mime-types "~2.1.24"

unpipe@1.0.0, unpipe@~1.0.0:
  version "1.0.0"
  resolved "https://registry.yarnpkg.com/unpipe/-/unpipe-1.0.0.tgz#b2bf4ee8514aae6165b4817829d21b2ef49904ec"
  integrity sha512-pjy2bYhSsufwWlKwPc+l3cN7+wuJlK6uz0YdJEOlQDbl6jo/YlPi4mb8agUkVC8BF7V8NuzeyPNqRksA3hztKQ==

util-deprecate@~1.0.1:
  version "1.0.2"
  resolved "https://registry.yarnpkg.com/util-deprecate/-/util-deprecate-1.0.2.tgz#450d4dc9fa70de732762fbd2d4a28981419a0ccf"
  integrity sha512-EPD5q1uXyFxJpCrLnCc1nHnq3gOa6DZBocAIiI2TaSCA7VCJ1UJDMagCzIkXNsUYfD1daK//LTEQ8xiIbrHtcw==

utils-merge@1.0.1:
  version "1.0.1"
  resolved "https://registry.yarnpkg.com/utils-merge/-/utils-merge-1.0.1.tgz#9f95710f50a267947b2ccc124741c1028427e713"
  integrity sha512-pMZTvIkT1d+TFGvDOqodOclx0QWkkgi6Tdoa8gC8ffGAAqz9pzPTZWAybbsHHoED/ztMtkv/VoYTYyShUn81hA==

vary@^1, vary@~1.1.2:
  version "1.1.2"
  resolved "https://registry.yarnpkg.com/vary/-/vary-1.1.2.tgz#2299f02c6ded30d4a5961b0b9f74524a18f634fc"
  integrity sha512-BNGbWLfd0eUPabhkXUVm0j8uuvREyTh5ovRa/dyow/BqAbZJyC+5fU+IzQOzmAKzYqYRAISoRhdQr3eIZ/PXqg==

vfn@^1.1.0:
  version "1.1.0"
  resolved "https://registry.yarnpkg.com/vfn/-/vfn-1.1.0.tgz#960393869143a0f12ab8ccc0748f208763f62fd3"
  integrity sha512-ZLp05QABhxCUsh/iCr+m94HH670VKTQXiYRQMMgXzvKwp98GzHnnnIJ6fbcyrU1n6j1MVhYgbYen0Fc4FNIGbA==
  dependencies:
    array-pad "0.0.1"
    is-plain-object "^2.0.4"
    plainify "^1.0.0"
    wfn "^1.0.0"

wfn@^1.0.0:
  version "1.0.0"
  resolved "https://registry.yarnpkg.com/wfn/-/wfn-1.0.0.tgz#571f06dddc4a97e1e3a6834a0ffc34fb98bdf17f"
  integrity sha512-oqi69SrZYlW66I/Bz4iJQ7V4E/uB0o776fW7KWbGaweTHvrtDUuemPkyEt7MgQeSnUs30NTSyqcbO4TT7/8SOw==
  dependencies:
    copy-own "^1.0.0"
    english-list "^1.0.0"
    sorp "^1.0.0"
